
Microsoft Visual Studio Solution File, Format Version 12.00
# Visual Studio Version 17
VisualStudioVersion = 17.10.35013.160
MinimumVisualStudioVersion = 10.0.40219.1
Project("{FAE04EC0-301F-11D3-BF4B-00C04F79EFBC}") = "EnumDemo", "EnumDemo.csproj", "{01ED2479-A3F2-41BA-AFFF-3EE63AC98F78}"
EndProject
Global
	GlobalSection(SolutionConfigurationPlatforms) = preSolution
		Debug|Any CPU = Debug|Any CPU
		Release|Any CPU = Release|Any CPU
	EndGlobalSection
	GlobalSection(ProjectConfigurationPlatforms) = postSolution
		{01ED2479-A3F2-41BA-AFFF-3EE63AC98F78}.Debug|Any CPU.ActiveCfg = Debug|Any CPU
		{01ED2479-A3F2-41BA-AFFF-3EE63AC98F78}.Debug|Any CPU.Build.0 = Debug|Any CPU
		{01ED2479-A3F2-41BA-AFFF-3EE63AC98F78}.Release|Any CPU.ActiveCfg = Release|Any CPU
		{01ED2479-A3F2-41BA-AFFF-3EE63AC98F78}.Release|Any CPU.Build.0 = Release|Any CPU
	EndGlobalSection
	GlobalSection(SolutionProperties) = preSolution
		HideSolutionNode = FALSE
	EndGlobalSection
	GlobalSection(ExtensibilityGlobals) = postSolution
		SolutionGuid = {1EC8298C-C5C8-40B4-B343-9672EDCFE9D8}
	EndGlobalSection
EndGlobal
